
Microsoft Visual Studio Solution File, Format Version 12.00
# Visual Studio Version 17
VisualStudioVersion = 17.0.32014.148
MinimumVisualStudioVersion = 10.0.40219.1
Project("{FAE04EC0-301F-11D3-BF4B-00C04F79EFBC}") = "WebApplication1", "WebApplication1\WebApplication1.csproj", "{7FB805CC-C74D-4065-8594-4507E5828B32}"
EndProject
Global
	GlobalSection(SolutionConfigurationPlatforms) = preSolution
		Debug|Any CPU = Debug|Any CPU
		Release|Any CPU = Release|Any CPU
	EndGlobalSection
	GlobalSection(ProjectConfigurationPlatforms) = postSolution
		{7FB805CC-C74D-4065-8594-4507E5828B32}.Debug|Any CPU.ActiveCfg = Debug|Any CPU
		{7FB805CC-C74D-4065-8594-4507E5828B32}.Debug|Any CPU.Build.0 = Debug|Any CPU
		{7FB805CC-C74D-4065-8594-4507E5828B32}.Release|Any CPU.ActiveCfg = Release|Any CPU
		{7FB805CC-C74D-4065-8594-4507E5828B32}.Release|Any CPU.Build.0 = Release|Any CPU
	EndGlobalSection
	GlobalSection(SolutionProperties) = preSolution
		HideSolutionNode = FALSE
	EndGlobalSection
	GlobalSection(ExtensibilityGlobals) = postSolution
		SolutionGuid = {EF55DDF1-8D7F-4C39-89AC-369A222FA4A6}
	EndGlobalSection
EndGlobal
